
Microsoft Visual Studio Solution File, Format Version 12.00
Project("{FAE04EC0-301F-11D3-BF4B-00C04F79EFBC}") = "SimplestGame", "SimplestGame\SimplestGame.csproj", "{CAC216D3-0A69-4339-AE1B-65A44D39ABAA}"
EndProject
Project("{FAE04EC0-301F-11D3-BF4B-00C04F79EFBC}") = "EiveoEngine", "EiveoEngine\EiveoEngine.csproj", "{4B68A2D7-A779-492E-9932-774C0B84BFD8}"
EndProject
Project("{2150E333-8FDC-42A3-9474-1A3956D46DE8}") = "Files", "Files", "{814E0714-5C17-4EC0-80CD-26ACB860E632}"
	ProjectSection(SolutionItems) = preProject
		README.md = README.md
	EndProjectSection
EndProject
Global
	GlobalSection(SolutionConfigurationPlatforms) = preSolution
		Debug|Any CPU = Debug|Any CPU
		Release|Any CPU = Release|Any CPU
	EndGlobalSection
	GlobalSection(ProjectConfigurationPlatforms) = postSolution
		{CAC216D3-0A69-4339-AE1B-65A44D39ABAA}.Debug|Any CPU.ActiveCfg = Debug|Any CPU
		{CAC216D3-0A69-4339-AE1B-65A44D39ABAA}.Debug|Any CPU.Build.0 = Debug|Any CPU
		{CAC216D3-0A69-4339-AE1B-65A44D39ABAA}.Release|Any CPU.ActiveCfg = Release|Any CPU
		{CAC216D3-0A69-4339-AE1B-65A44D39ABAA}.Release|Any CPU.Build.0 = Release|Any CPU
		{4B68A2D7-A779-492E-9932-774C0B84BFD8}.Debug|Any CPU.ActiveCfg = Debug|Any CPU
		{4B68A2D7-A779-492E-9932-774C0B84BFD8}.Debug|Any CPU.Build.0 = Debug|Any CPU
		{4B68A2D7-A779-492E-9932-774C0B84BFD8}.Release|Any CPU.ActiveCfg = Release|Any CPU
		{4B68A2D7-A779-492E-9932-774C0B84BFD8}.Release|Any CPU.Build.0 = Release|Any CPU
	EndGlobalSection
EndGlobal
